{
  "name": "ninghao-electron",
  "version": "1.0.0",
  "lockfileVersion": 1,
  "requires": true,
  "dependencies": {
    "anymatch": {
      "version": "3.1.1",
      "resolved": "https://registry.npm.taobao.org/anymatch/download/anymatch-3.1.1.tgz",
      "requires": {
        "normalize-path": "^3.0.0",
        "picomatch": "^2.0.4"
      },
      "dependencies": {
        "normalize-path": {
          "version": "https://registry.npm.taobao.org/normalize-path/download/normalize-path-3.0.0.tgz"
        },
        "picomatch": {
          "version": "https://registry.npm.taobao.org/picomatch/download/picomatch-2.2.1.tgz"
        }
      }
    },
    "binary-extensions": {
      "version": "2.0.0",
      "resolved": "https://registry.npm.taobao.org/binary-extensions/download/binary-extensions-2.0.0.tgz"
    },
    "braces": {
      "version": "3.0.2",
      "resolved": "https://registry.npm.taobao.org/braces/download/braces-3.0.2.tgz",
      "requires": {
        "fill-range": "^7.0.1"
      },
      "dependencies": {
        "fill-range": {
          "version": "https://registry.npm.taobao.org/fill-range/download/fill-range-7.0.1.tgz"
        }
      }
    },
    "chokidar": {
      "version": "3.3.1",
      "resolved": "https://registry.npm.taobao.org/chokidar/download/chokidar-3.3.1.tgz",
      "requires": {
        "anymatch": "~3.1.1",
        "braces": "~3.0.2",
        "fsevents": "~2.1.2",
        "glob-parent": "~5.1.0",
        "is-binary-path": "~2.1.0",
        "is-glob": "~4.0.1",
        "normalize-path": "~3.0.0",
        "readdirp": "~3.3.0"
      }
    },
    "electron-reload": {
      "version": "1.5.0",
      "resolved": "https://registry.npm.taobao.org/electron-reload/download/electron-reload-1.5.0.tgz",
      "integrity": "sha1-F5qx9pQfzw7SYcN7FtxGXiATSPU=",
      "requires": {
        "chokidar": "^3.0.2"
      }
    },
    "fill-range": {
      "version": "7.0.1",
      "resolved": "https://registry.npm.taobao.org/fill-range/download/fill-range-7.0.1.tgz",
      "requires": {
        "to-regex-range": "^5.0.1"
      },
      "dependencies": {
        "to-regex-range": {
          "version": "https://registry.npm.taobao.org/to-regex-range/download/to-regex-range-5.0.1.tgz"
        }
      }
    },
    "fsevents": {
      "version": "2.1.2",
      "resolved": "https://registry.npm.taobao.org/fsevents/download/fsevents-2.1.2.tgz?cache=0&other_urls=https%3A%2F%2Fregistry.npm.taobao.org%2Ffsevents%2Fdownload%2Ffsevents-2.1.2.tgz",
      "optional": true
    },
    "glob-parent": {
      "version": "5.1.0",
      "resolved": "https://registry.npm.taobao.org/glob-parent/download/glob-parent-5.1.0.tgz",
      "requires": {
        "is-glob": "^4.0.1"
      },
      "dependencies": {
        "is-glob": {
          "version": "https://registry.npm.taobao.org/is-glob/download/is-glob-4.0.1.tgz"
        }
      }
    },
    "is-binary-path": {
      "version": "2.1.0",
      "resolved": "https://registry.npm.taobao.org/is-binary-path/download/is-binary-path-2.1.0.tgz",
      "requires": {
        "binary-extensions": "^2.0.0"
      },
      "dependencies": {
        "binary-extensions": {
          "version": "https://registry.npm.taobao.org/binary-extensions/download/binary-extensions-2.0.0.tgz"
        }
      }
    },
    "is-extglob": {
      "version": "2.1.1",
      "resolved": "https://registry.npm.taobao.org/is-extglob/download/is-extglob-2.1.1.tgz"
    },
    "is-glob": {
      "version": "4.0.1",
      "resolved": "https://registry.npm.taobao.org/is-glob/download/is-glob-4.0.1.tgz",
      "requires": {
        "is-extglob": "^2.1.1"
      },
      "dependencies": {
        "is-extglob": {
          "version": "https://registry.npm.taobao.org/is-extglob/download/is-extglob-2.1.1.tgz"
        }
      }
    },
    "is-number": {
      "version": "7.0.0",
      "resolved": "https://registry.npm.taobao.org/is-number/download/is-number-7.0.0.tgz"
    },
    "normalize-path": {
      "version": "3.0.0",
      "resolved": "https://registry.npm.taobao.org/normalize-path/download/normalize-path-3.0.0.tgz"
    },
    "picomatch": {
      "version": "2.2.1",
      "resolved": "https://registry.npm.taobao.org/picomatch/download/picomatch-2.2.1.tgz"
    },
    "readdirp": {
      "version": "3.3.0",
      "resolved": "https://registry.npm.taobao.org/readdirp/download/readdirp-3.3.0.tgz",
      "requires": {
        "picomatch": "^2.0.7"
      },
      "dependencies": {
        "picomatch": {
          "version": "https://registry.npm.taobao.org/picomatch/download/picomatch-2.2.1.tgz"
        }
      }
    },
    "to-regex-range": {
      "version": "5.0.1",
      "resolved": "https://registry.npm.taobao.org/to-regex-range/download/to-regex-range-5.0.1.tgz",
      "requires": {
        "is-number": "^7.0.0"
      },
      "dependencies": {
        "is-number": {
          "version": "https://registry.npm.taobao.org/is-number/download/is-number-7.0.0.tgz"
        }
      }
    }
  }
}
